// !$*UTF8*$!
{
	archiveVersion = 1;
	classes = {
	};
	objectVersion = 46;
	objects = {

/* Begin PBXBuildFile section */
		EEB4734A1ED6230500B1020A /* AppDelegate.swift in Sources */ = {isa = PBXBuildFile; fileRef = EEB473491ED6230500B1020A /* AppDelegate.swift */; };
		EEB4734C1ED6230500B1020A /* ViewController.swift in Sources */ = {isa = PBXBuildFile; fileRef = EEB4734B1ED6230500B1020A /* ViewController.swift */; };
		EEB4734F1ED6230500B1020A /* Main.storyboard in Resources */ = {isa = PBXBuildFile; fileRef = EEB4734D1ED6230500B1020A /* Main.storyboard */; };
		EEB473511ED6230500B1020A /* Assets.xcassets in Resources */ = {isa = PBXBuildFile; fileRef = EEB473501ED6230500B1020A /* Assets.xcassets */; };
		EEB473541ED6230500B1020A /* LaunchScreen.storyboard in Resources */ = {isa = PBXBuildFile; fileRef = EEB473521ED6230500B1020A /* LaunchScreen.storyboard */; };
/* End PBXBuildFile section */

/* Begin PBXFileReference section */
		EEB473461ED6230500B1020A /* Viale.app */ = {isa = PBXFileReference; explicitFileType = wrapper.application; includeInIndex = 0; path = Viale.app; sourceTree = BUILT_PRODUCTS_DIR; };
		EEB473491ED6230500B1020A /* AppDelegate.swift */ = {isa = PBXFileReference; lastKnownFileType = sourcecode.swift; path = AppDelegate.swift; sourceTree = "<group>"; };
		EEB4734B1ED6230500B1020A /* ViewController.swift */ = {isa = PBXFileReference; lastKnownFileType = sourcecode.swift; path = ViewController.swift; sourceTree = "<group>"; };
		EEB4734E1ED6230500B1020A /* Base */ = {isa = PBXFileReference; lastKnownFileType = file.storyboard; name = Base; path = Base.lproj/Main.storyboard; sourceTree = "<group>"; };
		EEB473501ED6230500B1020A /* Assets.xcassets */ = {isa = PBXFileReference; lastKnownFileType = folder.assetcatalog; path = Assets.xcassets; sourceTree = "<group>"; };
		EEB473531ED6230500B1020A /* Base */ = {isa = PBXFileReference; lastKnownFileType = file.storyboard; name = Base; path = Base.lproj/LaunchScreen.storyboard; sourceTree = "<group>"; };
		EEB473551ED6230500B1020A /* Info.plist */ = {isa = PBXFileReference; lastKnownFileType = text.plist.xml; path = Info.plist; sourceTree = "<group>"; };
/* End PBXFileReference section */

/* Begin PBXFrameworksBuildPhase section */
		EEB473431ED6230500B1020A /* Frameworks */ = {
			isa = PBXFrameworksBuildPhase;
			buildActionMask = 2147483647;
			files = (
			);
			runOnlyForDeploymentPostprocessing = 0;
		};
/* End PBXFrameworksBuildPhase section */

/* Begin PBXGroup section */
		EEB4733D1ED6230500B1020A = {
			isa = PBXGroup;
			children = (
				EEB473481ED6230500B1020A /* Viale */,
				EEB473471ED6230500B1020A /* Products */,
			);
			sourceTree = "<group>";
		};
		EEB473471ED6230500B1020A /* Products */ = {
			isa = PBXGroup;
			children = (
				EEB473461ED6230500B1020A /* Viale.app */,
			);
			name = Products;
			sourceTree = "<group>";
		};
		EEB473481ED6230500B1020A /* Viale */ = {
			isa = PBXGroup;
			children = (
				EEB473491ED6230500B1020A /* AppDelegate.swift */,
				EEB4734B1ED6230500B1020A /* ViewController.swift */,
				EEB4734D1ED6230500B1020A /* Main.storyboard */,
				EEB473501ED6230500B1020A /* Assets.xcassets */,
				EEB473521ED6230500B1020A /* LaunchScreen.storyboard */,
				EEB473551ED6230500B1020A /* Info.plist */,
			);
			path = Viale;
			sourceTree = "<group>";
		};
/* End PBXGroup section */

/* Begin PBXNativeTarget section */
		EEB473451ED6230500B1020A /* Viale */ = {
			isa = PBXNativeTarget;
			buildConfigurationList = EEB473581ED6230500B1020A /* Build configuration list for PBXNativeTarget "Viale" */;
			buildPhases = (
				EEB473421ED6230500B1020A /* Sources */,
				EEB473431ED6230500B1020A /* Frameworks */,
				EEB473441ED6230500B1020A /* Resources */,
			);
			buildRules = (
			);
			dependencies = (
			);
			name = Viale;
			productName = Viale;
			productReference = EEB473461ED6230500B1020A /* Viale.app */;
			productType = "com.apple.product-type.application";
		};
/* End PBXNativeTarget section */

/* Begin PBXProject section */
		EEB4733E1ED6230500B1020A /* Project object */ = {
			isa = PBXProject;
			attributes = {
				LastSwiftUpdateCheck = 0830;
				LastUpgradeCheck = 0830;
				ORGANIZATIONNAME = "Kai Nakamura";
				TargetAttributes = {
					EEB473451ED6230500B1020A = {
						CreatedOnToolsVersion = 8.3.1;
						DevelopmentTeam = 23W29C93WU;
						ProvisioningStyle = Automatic;
					};
				};
			};
			buildConfigurationList = EEB473411ED6230500B1020A /* Build configuration list for PBXProject "Viale" */;
			compatibilityVersion = "Xcode 3.2";
			developmentRegion = English;
			hasScannedForEncodings = 0;
			knownRegions = (
				en,
				Base,
			);
			mainGroup = EEB4733D1ED6230500B1020A;
			productRefGroup = EEB473471ED6230500B1020A /* Products */;
			projectDirPath = "";
			projectRoot = "";
			targets = (
				EEB473451ED6230500B1020A /* Viale */,
			);
		};
/* End PBXProject section */

/* Begin PBXResourcesBuildPhase section */
		EEB473441ED6230500B1020A /* Resources */ = {
			isa = PBXResourcesBuildPhase;
			buildActionMask = 2147483647;
			files = (
				EEB473541ED6230500B1020A /* LaunchScreen.storyboard in Resources */,
				EEB473511ED6230500B1020A /* Assets.xcassets in Resources */,
				EEB4734F1ED6230500B1020A /* Main.storyboard in Resources */,
			);
			runOnlyForDeploymentPostprocessing = 0;
		};
/* End PBXResourcesBuildPhase section */

/* Begin PBXSourcesBuildPhase section */
		EEB473421ED6230500B1020A /* Sources */ = {
			isa = PBXSourcesBuildPhase;
			buildActionMask = 2147483647;
			files = (
				EEB4734C1ED6230500B1020A /* ViewController.swift in Sources */,
				EEB4734A1ED6230500B1020A /* AppDelegate.swift in Sources */,
			);
			runOnlyForDeploymentPostprocessing = 0;
		};
/* End PBXSourcesBuildPhase section */

/* Begin PBXVariantGroup section */
		EEB4734D1ED6230500B1020A /* Main.storyboard */ = {
			isa = PBXVariantGroup;
			children = (
				EEB4734E1ED6230500B1020A /* Base */,
			);
			name = Main.storyboard;
			sourceTree = "<group>";
		};
		EEB473521ED6230500B1020A /* LaunchScreen.storyboard */ = {
			isa = PBXVariantGroup;
			children = (
				EEB473531ED6230500B1020A /* Base */,
			);
			name = LaunchScreen.storyboard;
			sourceTree = "<group>";
		};
/* End PBXVariantGroup section */

/* Begin XCBuildConfiguration section */
		EEB473561ED6230500B1020A /* Debug */ = {
			isa = XCBuildConfiguration;
			buildSettings = {
				ALWAYS_SEARCH_USER_PATHS = NO;
				CLANG_ANALYZER_NONNULL = YES;
				CLANG_ANALYZER_NUMBER_OBJECT_CONVERSION = YES_AGGRESSIVE;
				CLANG_CXX_LANGUAGE_STANDARD = "gnu++0x";
				CLANG_CXX_LIBRARY = "libc++";
				CLANG_ENABLE_MODULES = YES;
				CLANG_ENABLE_OBJC_ARC = YES;
				CLANG_WARN_BOOL_CONVERSION = YES;
				CLANG_WARN_CONSTANT_CONVERSION = YES;
				CLANG_WARN_DIRECT_OBJC_ISA_USAGE = YES_ERROR;
				CLANG_WARN_DOCUMENTATION_COMMENTS = YES;
				CLANG_WARN_EMPTY_BODY = YES;
				CLANG_WARN_ENUM_CONVERSION = YES;
				CLANG_WARN_INFINITE_RECURSION = YES;
				CLANG_WARN_INT_CONVERSION = YES;
				CLANG_WARN_OBJC_ROOT_CLASS = YES_ERROR;
				CLANG_WARN_SUSPICIOUS_MOVE = YES;
				CLANG_WARN_UNREACHABLE_CODE = YES;
				CLANG_WARN__DUPLICATE_METHOD_MATCH = YES;
				"CODE_SIGN_IDENTITY[sdk=iphoneos*]" = "iPhone Developer";
				COPY_PHASE_STRIP = NO;
				DEBUG_INFORMATION_FORMAT = dwarf;
				ENABLE_STRICT_OBJC_MSGSEND = YES;
				ENABLE_TESTABILITY = YES;
				GCC_C_LANGUAGE_STANDARD = gnu99;
				GCC_DYNAMIC_NO_PIC = NO;
				GCC_NO_COMMON_BLOCKS = YES;
				GCC_OPTIMIZATION_LEVEL = 0;
				GCC_PREPROCESSOR_DEFINITIONS = (
					"DEBUG=1",
					"$(inherited)",
				);
				GCC_WARN_64_TO_32_BIT_CONVERSION = YES;
				GCC_WARN_ABOUT_RETURN_TYPE = YES_ERROR;
				GCC_WARN_UNDECLARED_SELECTOR = YES;
				GCC_WARN_UNINITIALIZED_AUTOS = YES_AGGRESSIVE;
				GCC_WARN_UNUSED_FUNCTION = YES;
				GCC_WARN_UNUSED_VARIABLE = YES;
				IPHONEOS_DEPLOYMENT_TARGET = 10.3;
				MTL_ENABLE_DEBUG_INFO = YES;
				ONLY_ACTIVE_ARCH = YES;
				SDKROOT = iphoneos;
				SWIFT_ACTIVE_COMPILATION_CONDITIONS = DEBUG;
				SWIFT_OPTIMIZATION_LEVEL = "-Onone";
			};
			name = Debug;
		};
		EEB473571ED6230500B1020A /* Release */ = {
			isa = XCBuildConfiguration;
			buildSettings = {
				ALWAYS_SEARCH_USER_PATHS = NO;
				CLANG_ANALYZER_NONNULL = YES;
				CLANG_ANALYZER_NUMBER_OBJECT_CONVERSION = YES_AGGRESSIVE;
				CLANG_CXX_LANGUAGE_STANDARD = "gnu++0x";
				CLANG_CXX_LIBRARY = "libc++";
				CLANG_ENABLE_MODULES = YES;
				CLANG_ENABLE_OBJC_ARC = YES;
				CLANG_WARN_BOOL_CONVERSION = YES;
				CLANG_WARN_CONSTANT_CONVERSION = YES;
				CLANG_WARN_DIRECT_OBJC_ISA_USAGE = YES_ERROR;
				CLANG_WARN_DOCUMENTATION_COMMENTS = YES;
				CLANG_WARN_EMPTY_BODY = YES;
				CLANG_WARN_ENUM_CONVERSION = YES;
				CLANG_WARN_INFINITE_RECURSION = YES;
				CLANG_WARN_INT_CONVERSION = YES;
				CLANG_WARN_OBJC_ROOT_CLASS = YES_ERROR;
				CLANG_WARN_SUSPICIOUS_MOVE = YES;
				CLANG_WARN_UNREACHABLE_CODE = YES;
				CLANG_WARN__DUPLICATE_METHOD_MATCH = YES;
				"CODE_SIGN_IDENTITY[sdk=iphoneos*]" = "iPhone Developer";
				COPY_PHASE_STRIP = NO;
				DEBUG_INFORMATION_FORMAT = "dwarf-with-dsym";
				ENABLE_NS_ASSERTIONS = NO;
				ENABLE_STRICT_OBJC_MSGSEND = YES;
				GCC_C_LANGUAGE_STANDARD = gnu99;
				GCC_NO_COMMON_BLOCKS = YES;
				GCC_WARN_64_TO_32_BIT_CONVERSION = YES;
				GCC_WARN_ABOUT_RETURN_TYPE = YES_ERROR;
				GCC_WARN_UNDECLARED_SELECTOR = YES;
				GCC_WARN_UNINITIALIZED_AUTOS = YES_AGGRESSIVE;
				GCC_WARN_UNUSED_FUNCTION = YES;
				GCC_WARN_UNUSED_VARIABLE = YES;
				IPHONEOS_DEPLOYMENT_TARGET = 10.3;
				MTL_ENABLE_DEBUG_INFO = NO;
				SDKROOT = iphoneos;
				SWIFT_OPTIMIZATION_LEVEL = "-Owholemodule";
				VALIDATE_PRODUCT = YES;
			};
			name = Release;
		};
		EEB473591ED6230500B1020A /* Debug */ = {
			isa = XCBuildConfiguration;
			buildSettings = {
				ASSETCATALOG_COMPILER_APPICON_NAME = AppIcon;
				DEVELOPMENT_TEAM = 23W29C93WU;
				INFOPLIST_FILE = Viale/Info.plist;
				LD_RUNPATH_SEARCH_PATHS = "$(inherited) @executable_path/Frameworks";
				PRODUCT_BUNDLE_IDENTIFIER = "com.Kai-Nakamura.Viale";
				PRODUCT_NAME = "$(TARGET_NAME)";
				SWIFT_VERSION = 3.0;
			};
			name = Debug;
		};
		EEB4735A1ED6230500B1020A /* Release */ = {
			isa = XCBuildConfiguration;
			buildSettings = {
				ASSETCATALOG_COMPILER_APPICON_NAME = AppIcon;
				DEVELOPMENT_TEAM = 23W29C93WU;
				INFOPLIST_FILE = Viale/Info.plist;
				LD_RUNPATH_SEARCH_PATHS = "$(inherited) @executable_path/Frameworks";
				PRODUCT_BUNDLE_IDENTIFIER = "com.Kai-Nakamura.Viale";
				PRODUCT_NAME = "$(TARGET_NAME)";
				SWIFT_VERSION = 3.0;
			};
			name = Release;
		};
/* End XCBuildConfiguration section */

/* Begin XCConfigurationList section */
		EEB473411ED6230500B1020A /* Build configuration list for PBXProject "Viale" */ = {
			isa = XCConfigurationList;
			buildConfigurations = (
				EEB473561ED6230500B1020A /* Debug */,
				EEB473571ED6230500B1020A /* Release */,
			);
			defaultConfigurationIsVisible = 0;
			defaultConfigurationName = Release;
		};
		EEB473581ED6230500B1020A /* Build configuration list for PBXNativeTarget "Viale" */ = {
			isa = XCConfigurationList;
			buildConfigurations = (
				EEB473591ED6230500B1020A /* Debug */,
				EEB4735A1ED6230500B1020A /* Release */,
			);
			defaultConfigurationIsVisible = 0;
		};
/* End XCConfigurationList section */
	};
	rootObject = EEB4733E1ED6230500B1020A /* Project object */;
}
