// !$*UTF8*$!
{
	archiveVersion = 1;
	classes = {
	};
	objectVersion = 46;
	objects = {

/* Begin PBXBuildFile section */
		9CBFB99E4C60B8914C21D621 /* Pods_Viale.framework in Frameworks */ = {isa = PBXBuildFile; fileRef = 48545A165799EF72AF307AB7 /* Pods_Viale.framework */; };
		EE1FC0CD1EE0E96500FCD1F3 /* UserInterval.swift in Sources */ = {isa = PBXBuildFile; fileRef = EE1FC0CC1EE0E96500FCD1F3 /* UserInterval.swift */; };
		EE1FC0D01EE0F42900FCD1F3 /* CustomersVC.swift in Sources */ = {isa = PBXBuildFile; fileRef = EE1FC0CF1EE0F42900FCD1F3 /* CustomersVC.swift */; };
		EE1FC0D21EE0F43300FCD1F3 /* CustomerCell.swift in Sources */ = {isa = PBXBuildFile; fileRef = EE1FC0D11EE0F43300FCD1F3 /* CustomerCell.swift */; };
		EE2F74601EDA739D002389C8 /* ManageDrivewayVC.swift in Sources */ = {isa = PBXBuildFile; fileRef = EE2F745F1EDA739D002389C8 /* ManageDrivewayVC.swift */; };
		EE4E07EB1ED9BA1100F7D02A /* GoogleMapsService.swift in Sources */ = {isa = PBXBuildFile; fileRef = EE4E07EA1ED9BA1100F7D02A /* GoogleMapsService.swift */; };
		EE4E07ED1ED9CEE600F7D02A /* SearchAnnotation.swift in Sources */ = {isa = PBXBuildFile; fileRef = EE4E07EC1ED9CEE600F7D02A /* SearchAnnotation.swift */; };
		EE4E07EF1ED9D17B00F7D02A /* SearchAnnotationView.swift in Sources */ = {isa = PBXBuildFile; fileRef = EE4E07EE1ED9D17B00F7D02A /* SearchAnnotationView.swift */; };
		EE4E07F11ED9E4A900F7D02A /* ParkingAnnotationView.swift in Sources */ = {isa = PBXBuildFile; fileRef = EE4E07F01ED9E4A900F7D02A /* ParkingAnnotationView.swift */; };
		EE4E07F31ED9F8C400F7D02A /* RentVC.swift in Sources */ = {isa = PBXBuildFile; fileRef = EE4E07F21ED9F8C400F7D02A /* RentVC.swift */; };
		EE8A9C981EDB262800DC6E8B /* NewIntervalVC.swift in Sources */ = {isa = PBXBuildFile; fileRef = EE8A9C971EDB262800DC6E8B /* NewIntervalVC.swift */; };
		EEA423091EDA1A1A00609599 /* PayRentVC.swift in Sources */ = {isa = PBXBuildFile; fileRef = EEA423081EDA1A1A00609599 /* PayRentVC.swift */; };
		EEA4230B1EDA640700609599 /* CreateDrivewayVC.swift in Sources */ = {isa = PBXBuildFile; fileRef = EEA4230A1EDA640700609599 /* CreateDrivewayVC.swift */; };
		EEA4230D1EDA6EF300609599 /* UIViewController+Helper.swift in Sources */ = {isa = PBXBuildFile; fileRef = EEA4230C1EDA6EF300609599 /* UIViewController+Helper.swift */; };
		EEA96D9B1EE1189900B4D83A /* DrivewayService.swift in Sources */ = {isa = PBXBuildFile; fileRef = EEA96D9A1EE1189900B4D83A /* DrivewayService.swift */; };
		EEB4734A1ED6230500B1020A /* AppDelegate.swift in Sources */ = {isa = PBXBuildFile; fileRef = EEB473491ED6230500B1020A /* AppDelegate.swift */; };
		EEB4734C1ED6230500B1020A /* SignInVC.swift in Sources */ = {isa = PBXBuildFile; fileRef = EEB4734B1ED6230500B1020A /* SignInVC.swift */; };
		EEB4734F1ED6230500B1020A /* Main.storyboard in Resources */ = {isa = PBXBuildFile; fileRef = EEB4734D1ED6230500B1020A /* Main.storyboard */; };
		EEB473511ED6230500B1020A /* Assets.xcassets in Resources */ = {isa = PBXBuildFile; fileRef = EEB473501ED6230500B1020A /* Assets.xcassets */; };
		EEB473541ED6230500B1020A /* LaunchScreen.storyboard in Resources */ = {isa = PBXBuildFile; fileRef = EEB473521ED6230500B1020A /* LaunchScreen.storyboard */; };
		EEB473641ED7258300B1020A /* FancyView.swift in Sources */ = {isa = PBXBuildFile; fileRef = EEB473601ED7258300B1020A /* FancyView.swift */; };
		EEB473651ED7258300B1020A /* RoundButton.swift in Sources */ = {isa = PBXBuildFile; fileRef = EEB473611ED7258300B1020A /* RoundButton.swift */; };
		EEB473661ED7258300B1020A /* FancyField.swift in Sources */ = {isa = PBXBuildFile; fileRef = EEB473621ED7258300B1020A /* FancyField.swift */; };
		EEB473671ED7258300B1020A /* FancySubmitButton.swift in Sources */ = {isa = PBXBuildFile; fileRef = EEB473631ED7258300B1020A /* FancySubmitButton.swift */; };
		EEB4736E1ED725BD00B1020A /* Constants.swift in Sources */ = {isa = PBXBuildFile; fileRef = EEB4736D1ED725BD00B1020A /* Constants.swift */; };
		EEB473701ED7977D00B1020A /* GoogleService-Info.plist in Resources */ = {isa = PBXBuildFile; fileRef = EEB4736F1ED7977D00B1020A /* GoogleService-Info.plist */; };
		EEB473721ED79BFC00B1020A /* DataService.swift in Sources */ = {isa = PBXBuildFile; fileRef = EEB473711ED79BFC00B1020A /* DataService.swift */; };
		EEB473741ED7A31A00B1020A /* MainVC.swift in Sources */ = {isa = PBXBuildFile; fileRef = EEB473731ED7A31A00B1020A /* MainVC.swift */; };
		EEB4738A1ED7AC2900B1020A /* GeoFire.m in Sources */ = {isa = PBXBuildFile; fileRef = EEB473811ED7AC2900B1020A /* GeoFire.m */; };
		EEB4738B1ED7AC2900B1020A /* GFBase32Utils.m in Sources */ = {isa = PBXBuildFile; fileRef = EEB473831ED7AC2900B1020A /* GFBase32Utils.m */; };
		EEB4738C1ED7AC2900B1020A /* GFGeoHash.m in Sources */ = {isa = PBXBuildFile; fileRef = EEB473851ED7AC2900B1020A /* GFGeoHash.m */; };
		EEB4738D1ED7AC2900B1020A /* GFGeoHashQuery.m in Sources */ = {isa = PBXBuildFile; fileRef = EEB473871ED7AC2900B1020A /* GFGeoHashQuery.m */; };
		EEB4738E1ED7AC2900B1020A /* GFQuery.m in Sources */ = {isa = PBXBuildFile; fileRef = EEB473891ED7AC2900B1020A /* GFQuery.m */; };
		EEB473911ED7B6BB00B1020A /* ParkingAnnotation.swift in Sources */ = {isa = PBXBuildFile; fileRef = EEB473901ED7B6BB00B1020A /* ParkingAnnotation.swift */; };
		EEB473D51ED8619200B1020A /* UIColor+Helpe.swift in Sources */ = {isa = PBXBuildFile; fileRef = EEB473D41ED8619200B1020A /* UIColor+Helpe.swift */; };
		EEB473D91ED8D76C00B1020A /* Parking.swift in Sources */ = {isa = PBXBuildFile; fileRef = EEB473D81ED8D76C00B1020A /* Parking.swift */; };
		EEB473DB1ED8D82900B1020A /* UserDriver.swift in Sources */ = {isa = PBXBuildFile; fileRef = EEB473DA1ED8D82900B1020A /* UserDriver.swift */; };
		EEB81F0F1EE24DBC007E0034 /* ScheduleVC.swift in Sources */ = {isa = PBXBuildFile; fileRef = EEB81F0E1EE24DBC007E0034 /* ScheduleVC.swift */; };
		EEB81F111EE24DC3007E0034 /* ScheduleCell.swift in Sources */ = {isa = PBXBuildFile; fileRef = EEB81F101EE24DC3007E0034 /* ScheduleCell.swift */; };
		EEE594051EDC5F8B00800B07 /* IntervalCell.swift in Sources */ = {isa = PBXBuildFile; fileRef = EEE594041EDC5F8B00800B07 /* IntervalCell.swift */; };
		EEE594081EDC761E00800B07 /* ParkingInterval.swift in Sources */ = {isa = PBXBuildFile; fileRef = EEE594071EDC761E00800B07 /* ParkingInterval.swift */; };
		EEE5940A1EDC9DF300800B07 /* TimeRentVC.swift in Sources */ = {isa = PBXBuildFile; fileRef = EEE594091EDC9DF300800B07 /* TimeRentVC.swift */; };
		EEE5940C1EDC9E6000800B07 /* ReminderVC.swift in Sources */ = {isa = PBXBuildFile; fileRef = EEE5940B1EDC9E6000800B07 /* ReminderVC.swift */; };
		EEE5940E1EDCA0FA00800B07 /* RentService.swift in Sources */ = {isa = PBXBuildFile; fileRef = EEE5940D1EDCA0FA00800B07 /* RentService.swift */; };
		EEE594101EDCC97D00800B07 /* RentIntervalCell.swift in Sources */ = {isa = PBXBuildFile; fileRef = EEE5940F1EDCC97D00800B07 /* RentIntervalCell.swift */; };
		EEE594141EDCD20300800B07 /* DatePickerService.swift in Sources */ = {isa = PBXBuildFile; fileRef = EEE594131EDCD20300800B07 /* DatePickerService.swift */; };
		EEE594161EDCD6AA00800B07 /* Date+Helper.swift in Sources */ = {isa = PBXBuildFile; fileRef = EEE594151EDCD6AA00800B07 /* Date+Helper.swift */; };
		EEECD5741ED92B7800D42B65 /* LeftMenuTBVC.swift in Sources */ = {isa = PBXBuildFile; fileRef = EEECD5731ED92B7800D42B65 /* LeftMenuTBVC.swift */; };
/* End PBXBuildFile section */

/* Begin PBXFileReference section */
		402312B47F9EDBA449D530C0 /* Pods-Viale.release.xcconfig */ = {isa = PBXFileReference; includeInIndex = 1; lastKnownFileType = text.xcconfig; name = "Pods-Viale.release.xcconfig"; path = "Pods/Target Support Files/Pods-Viale/Pods-Viale.release.xcconfig"; sourceTree = "<group>"; };
		48545A165799EF72AF307AB7 /* Pods_Viale.framework */ = {isa = PBXFileReference; explicitFileType = wrapper.framework; includeInIndex = 0; path = Pods_Viale.framework; sourceTree = BUILT_PRODUCTS_DIR; };
		9D462145FDFE613D75D58BFC /* Pods-Viale.debug.xcconfig */ = {isa = PBXFileReference; includeInIndex = 1; lastKnownFileType = text.xcconfig; name = "Pods-Viale.debug.xcconfig"; path = "Pods/Target Support Files/Pods-Viale/Pods-Viale.debug.xcconfig"; sourceTree = "<group>"; };
		EE1FC0CC1EE0E96500FCD1F3 /* UserInterval.swift */ = {isa = PBXFileReference; fileEncoding = 4; lastKnownFileType = sourcecode.swift; path = UserInterval.swift; sourceTree = "<group>"; };
		EE1FC0CF1EE0F42900FCD1F3 /* CustomersVC.swift */ = {isa = PBXFileReference; fileEncoding = 4; lastKnownFileType = sourcecode.swift; path = CustomersVC.swift; sourceTree = "<group>"; };
		EE1FC0D11EE0F43300FCD1F3 /* CustomerCell.swift */ = {isa = PBXFileReference; fileEncoding = 4; lastKnownFileType = sourcecode.swift; path = CustomerCell.swift; sourceTree = "<group>"; };
		EE2F745F1EDA739D002389C8 /* ManageDrivewayVC.swift */ = {isa = PBXFileReference; fileEncoding = 4; lastKnownFileType = sourcecode.swift; path = ManageDrivewayVC.swift; sourceTree = "<group>"; };
		EE4E07EA1ED9BA1100F7D02A /* GoogleMapsService.swift */ = {isa = PBXFileReference; fileEncoding = 4; lastKnownFileType = sourcecode.swift; path = GoogleMapsService.swift; sourceTree = "<group>"; };
		EE4E07EC1ED9CEE600F7D02A /* SearchAnnotation.swift */ = {isa = PBXFileReference; fileEncoding = 4; lastKnownFileType = sourcecode.swift; path = SearchAnnotation.swift; sourceTree = "<group>"; };
		EE4E07EE1ED9D17B00F7D02A /* SearchAnnotationView.swift */ = {isa = PBXFileReference; fileEncoding = 4; lastKnownFileType = sourcecode.swift; path = SearchAnnotationView.swift; sourceTree = "<group>"; };
		EE4E07F01ED9E4A900F7D02A /* ParkingAnnotationView.swift */ = {isa = PBXFileReference; fileEncoding = 4; lastKnownFileType = sourcecode.swift; path = ParkingAnnotationView.swift; sourceTree = "<group>"; };
		EE4E07F21ED9F8C400F7D02A /* RentVC.swift */ = {isa = PBXFileReference; fileEncoding = 4; lastKnownFileType = sourcecode.swift; path = RentVC.swift; sourceTree = "<group>"; };
		EE8A9C971EDB262800DC6E8B /* NewIntervalVC.swift */ = {isa = PBXFileReference; fileEncoding = 4; lastKnownFileType = sourcecode.swift; path = NewIntervalVC.swift; sourceTree = "<group>"; };
		EEA423081EDA1A1A00609599 /* PayRentVC.swift */ = {isa = PBXFileReference; fileEncoding = 4; lastKnownFileType = sourcecode.swift; path = PayRentVC.swift; sourceTree = "<group>"; };
		EEA4230A1EDA640700609599 /* CreateDrivewayVC.swift */ = {isa = PBXFileReference; fileEncoding = 4; lastKnownFileType = sourcecode.swift; path = CreateDrivewayVC.swift; sourceTree = "<group>"; };
		EEA4230C1EDA6EF300609599 /* UIViewController+Helper.swift */ = {isa = PBXFileReference; fileEncoding = 4; lastKnownFileType = sourcecode.swift; path = "UIViewController+Helper.swift"; sourceTree = "<group>"; };
		EEA96D9A1EE1189900B4D83A /* DrivewayService.swift */ = {isa = PBXFileReference; fileEncoding = 4; lastKnownFileType = sourcecode.swift; path = DrivewayService.swift; sourceTree = "<group>"; };
		EEB473461ED6230500B1020A /* Viale.app */ = {isa = PBXFileReference; explicitFileType = wrapper.application; includeInIndex = 0; path = Viale.app; sourceTree = BUILT_PRODUCTS_DIR; };
		EEB473491ED6230500B1020A /* AppDelegate.swift */ = {isa = PBXFileReference; lastKnownFileType = sourcecode.swift; path = AppDelegate.swift; sourceTree = "<group>"; };
		EEB4734B1ED6230500B1020A /* SignInVC.swift */ = {isa = PBXFileReference; lastKnownFileType = sourcecode.swift; path = SignInVC.swift; sourceTree = "<group>"; };
		EEB4734E1ED6230500B1020A /* Base */ = {isa = PBXFileReference; lastKnownFileType = file.storyboard; name = Base; path = Base.lproj/Main.storyboard; sourceTree = "<group>"; };
		EEB473501ED6230500B1020A /* Assets.xcassets */ = {isa = PBXFileReference; lastKnownFileType = folder.assetcatalog; path = Assets.xcassets; sourceTree = "<group>"; };
		EEB473531ED6230500B1020A /* Base */ = {isa = PBXFileReference; lastKnownFileType = file.storyboard; name = Base; path = Base.lproj/LaunchScreen.storyboard; sourceTree = "<group>"; };
		EEB473551ED6230500B1020A /* Info.plist */ = {isa = PBXFileReference; lastKnownFileType = text.plist.xml; path = Info.plist; sourceTree = "<group>"; };
		EEB473601ED7258300B1020A /* FancyView.swift */ = {isa = PBXFileReference; fileEncoding = 4; lastKnownFileType = sourcecode.swift; path = FancyView.swift; sourceTree = "<group>"; };
		EEB473611ED7258300B1020A /* RoundButton.swift */ = {isa = PBXFileReference; fileEncoding = 4; lastKnownFileType = sourcecode.swift; path = RoundButton.swift; sourceTree = "<group>"; };
		EEB473621ED7258300B1020A /* FancyField.swift */ = {isa = PBXFileReference; fileEncoding = 4; lastKnownFileType = sourcecode.swift; path = FancyField.swift; sourceTree = "<group>"; };
		EEB473631ED7258300B1020A /* FancySubmitButton.swift */ = {isa = PBXFileReference; fileEncoding = 4; lastKnownFileType = sourcecode.swift; path = FancySubmitButton.swift; sourceTree = "<group>"; };
		EEB4736D1ED725BD00B1020A /* Constants.swift */ = {isa = PBXFileReference; fileEncoding = 4; lastKnownFileType = sourcecode.swift; path = Constants.swift; sourceTree = "<group>"; };
		EEB4736F1ED7977D00B1020A /* GoogleService-Info.plist */ = {isa = PBXFileReference; fileEncoding = 4; lastKnownFileType = text.plist.xml; path = "GoogleService-Info.plist"; sourceTree = "<group>"; };
		EEB473711ED79BFC00B1020A /* DataService.swift */ = {isa = PBXFileReference; fileEncoding = 4; lastKnownFileType = sourcecode.swift; path = DataService.swift; sourceTree = "<group>"; };
		EEB473731ED7A31A00B1020A /* MainVC.swift */ = {isa = PBXFileReference; fileEncoding = 4; lastKnownFileType = sourcecode.swift; path = MainVC.swift; sourceTree = "<group>"; };
		EEB473751ED7A4B700B1020A /* Viale.entitlements */ = {isa = PBXFileReference; lastKnownFileType = text.plist.entitlements; path = Viale.entitlements; sourceTree = "<group>"; };
		EEB4737A1ED7AC2900B1020A /* GeoFire.h */ = {isa = PBXFileReference; fileEncoding = 4; lastKnownFileType = sourcecode.c.h; path = GeoFire.h; sourceTree = "<group>"; };
		EEB4737B1ED7AC2900B1020A /* GFCircleQuery.h */ = {isa = PBXFileReference; fileEncoding = 4; lastKnownFileType = sourcecode.c.h; path = GFCircleQuery.h; sourceTree = "<group>"; };
		EEB4737C1ED7AC2900B1020A /* GFQuery.h */ = {isa = PBXFileReference; fileEncoding = 4; lastKnownFileType = sourcecode.c.h; path = GFQuery.h; sourceTree = "<group>"; };
		EEB4737D1ED7AC2900B1020A /* GFRegionQuery.h */ = {isa = PBXFileReference; fileEncoding = 4; lastKnownFileType = sourcecode.c.h; path = GFRegionQuery.h; sourceTree = "<group>"; };
		EEB4737E1ED7AC2900B1020A /* GeoFire-Prefix.pch */ = {isa = PBXFileReference; fileEncoding = 4; lastKnownFileType = sourcecode.c.h; path = "GeoFire-Prefix.pch"; sourceTree = "<group>"; };
		EEB473801ED7AC2900B1020A /* GeoFire+Private.h */ = {isa = PBXFileReference; fileEncoding = 4; lastKnownFileType = sourcecode.c.h; path = "GeoFire+Private.h"; sourceTree = "<group>"; };
		EEB473811ED7AC2900B1020A /* GeoFire.m */ = {isa = PBXFileReference; fileEncoding = 4; lastKnownFileType = sourcecode.c.objc; path = GeoFire.m; sourceTree = "<group>"; };
		EEB473821ED7AC2900B1020A /* GFBase32Utils.h */ = {isa = PBXFileReference; fileEncoding = 4; lastKnownFileType = sourcecode.c.h; path = GFBase32Utils.h; sourceTree = "<group>"; };
		EEB473831ED7AC2900B1020A /* GFBase32Utils.m */ = {isa = PBXFileReference; fileEncoding = 4; lastKnownFileType = sourcecode.c.objc; path = GFBase32Utils.m; sourceTree = "<group>"; };
		EEB473841ED7AC2900B1020A /* GFGeoHash.h */ = {isa = PBXFileReference; fileEncoding = 4; lastKnownFileType = sourcecode.c.h; path = GFGeoHash.h; sourceTree = "<group>"; };
		EEB473851ED7AC2900B1020A /* GFGeoHash.m */ = {isa = PBXFileReference; fileEncoding = 4; lastKnownFileType = sourcecode.c.objc; path = GFGeoHash.m; sourceTree = "<group>"; };
		EEB473861ED7AC2900B1020A /* GFGeoHashQuery.h */ = {isa = PBXFileReference; fileEncoding = 4; lastKnownFileType = sourcecode.c.h; path = GFGeoHashQuery.h; sourceTree = "<group>"; };
		EEB473871ED7AC2900B1020A /* GFGeoHashQuery.m */ = {isa = PBXFileReference; fileEncoding = 4; lastKnownFileType = sourcecode.c.objc; path = GFGeoHashQuery.m; sourceTree = "<group>"; };
		EEB473881ED7AC2900B1020A /* GFQuery+Private.h */ = {isa = PBXFileReference; fileEncoding = 4; lastKnownFileType = sourcecode.c.h; path = "GFQuery+Private.h"; sourceTree = "<group>"; };
		EEB473891ED7AC2900B1020A /* GFQuery.m */ = {isa = PBXFileReference; fileEncoding = 4; lastKnownFileType = sourcecode.c.objc; path = GFQuery.m; sourceTree = "<group>"; };
		EEB4738F1ED7AD0700B1020A /* Viale-Bridging-Header.h */ = {isa = PBXFileReference; lastKnownFileType = sourcecode.c.h; path = "Viale-Bridging-Header.h"; sourceTree = "<group>"; };
		EEB473901ED7B6BB00B1020A /* ParkingAnnotation.swift */ = {isa = PBXFileReference; fileEncoding = 4; lastKnownFileType = sourcecode.swift; path = ParkingAnnotation.swift; sourceTree = "<group>"; };
		EEB473D41ED8619200B1020A /* UIColor+Helpe.swift */ = {isa = PBXFileReference; fileEncoding = 4; lastKnownFileType = sourcecode.swift; path = "UIColor+Helpe.swift"; sourceTree = "<group>"; };
		EEB473D81ED8D76C00B1020A /* Parking.swift */ = {isa = PBXFileReference; fileEncoding = 4; lastKnownFileType = sourcecode.swift; path = Parking.swift; sourceTree = "<group>"; };
		EEB473DA1ED8D82900B1020A /* UserDriver.swift */ = {isa = PBXFileReference; fileEncoding = 4; lastKnownFileType = sourcecode.swift; path = UserDriver.swift; sourceTree = "<group>"; };
		EEB81F0E1EE24DBC007E0034 /* ScheduleVC.swift */ = {isa = PBXFileReference; fileEncoding = 4; lastKnownFileType = sourcecode.swift; path = ScheduleVC.swift; sourceTree = "<group>"; };
		EEB81F101EE24DC3007E0034 /* ScheduleCell.swift */ = {isa = PBXFileReference; fileEncoding = 4; lastKnownFileType = sourcecode.swift; path = ScheduleCell.swift; sourceTree = "<group>"; };
		EEE594041EDC5F8B00800B07 /* IntervalCell.swift */ = {isa = PBXFileReference; fileEncoding = 4; lastKnownFileType = sourcecode.swift; path = IntervalCell.swift; sourceTree = "<group>"; };
		EEE594071EDC761E00800B07 /* ParkingInterval.swift */ = {isa = PBXFileReference; fileEncoding = 4; lastKnownFileType = sourcecode.swift; path = ParkingInterval.swift; sourceTree = "<group>"; };
		EEE594091EDC9DF300800B07 /* TimeRentVC.swift */ = {isa = PBXFileReference; fileEncoding = 4; lastKnownFileType = sourcecode.swift; path = TimeRentVC.swift; sourceTree = "<group>"; };
		EEE5940B1EDC9E6000800B07 /* ReminderVC.swift */ = {isa = PBXFileReference; fileEncoding = 4; lastKnownFileType = sourcecode.swift; path = ReminderVC.swift; sourceTree = "<group>"; };
		EEE5940D1EDCA0FA00800B07 /* RentService.swift */ = {isa = PBXFileReference; fileEncoding = 4; lastKnownFileType = sourcecode.swift; path = RentService.swift; sourceTree = "<group>"; };
		EEE5940F1EDCC97D00800B07 /* RentIntervalCell.swift */ = {isa = PBXFileReference; fileEncoding = 4; lastKnownFileType = sourcecode.swift; path = RentIntervalCell.swift; sourceTree = "<group>"; };
		EEE594131EDCD20300800B07 /* DatePickerService.swift */ = {isa = PBXFileReference; fileEncoding = 4; lastKnownFileType = sourcecode.swift; path = DatePickerService.swift; sourceTree = "<group>"; };
		EEE594151EDCD6AA00800B07 /* Date+Helper.swift */ = {isa = PBXFileReference; fileEncoding = 4; lastKnownFileType = sourcecode.swift; path = "Date+Helper.swift"; sourceTree = "<group>"; };
		EEECD5731ED92B7800D42B65 /* LeftMenuTBVC.swift */ = {isa = PBXFileReference; fileEncoding = 4; lastKnownFileType = sourcecode.swift; path = LeftMenuTBVC.swift; sourceTree = "<group>"; };
/* End PBXFileReference section */

/* Begin PBXFrameworksBuildPhase section */
		EEB473431ED6230500B1020A /* Frameworks */ = {
			isa = PBXFrameworksBuildPhase;
			buildActionMask = 2147483647;
			files = (
				9CBFB99E4C60B8914C21D621 /* Pods_Viale.framework in Frameworks */,
			);
			runOnlyForDeploymentPostprocessing = 0;
		};
/* End PBXFrameworksBuildPhase section */

/* Begin PBXGroup section */
		2D0E909A11456A7DEA71C138 /* Pods */ = {
			isa = PBXGroup;
			children = (
				9D462145FDFE613D75D58BFC /* Pods-Viale.debug.xcconfig */,
				402312B47F9EDBA449D530C0 /* Pods-Viale.release.xcconfig */,
			);
			name = Pods;
			sourceTree = "<group>";
		};
		ABE2AA57EE2C143EEBFF8B99 /* Frameworks */ = {
			isa = PBXGroup;
			children = (
				48545A165799EF72AF307AB7 /* Pods_Viale.framework */,
			);
			name = Frameworks;
			sourceTree = "<group>";
		};
		EE1FC0CE1EE0F41100FCD1F3 /* Customers */ = {
			isa = PBXGroup;
			children = (
				EE1FC0CF1EE0F42900FCD1F3 /* CustomersVC.swift */,
				EE1FC0D11EE0F43300FCD1F3 /* CustomerCell.swift */,
			);
			name = Customers;
			sourceTree = "<group>";
		};
		EE2F74611EDA76DE002389C8 /* RentVCs */ = {
			isa = PBXGroup;
			children = (
				EEE594121EDCC98E00800B07 /* FirstRentVCs */,
				EEE594091EDC9DF300800B07 /* TimeRentVC.swift */,
				EEA423081EDA1A1A00609599 /* PayRentVC.swift */,
				EEE5940B1EDC9E6000800B07 /* ReminderVC.swift */,
			);
			name = RentVCs;
			sourceTree = "<group>";
		};
		EE2F74621EDA76EA002389C8 /* DrivewayVCs */ = {
			isa = PBXGroup;
			children = (
				EEA4230A1EDA640700609599 /* CreateDrivewayVC.swift */,
				EE1FC0CE1EE0F41100FCD1F3 /* Customers */,
				EEE594061EDC5F8F00800B07 /* ManageDriveway */,
				EE8A9C971EDB262800DC6E8B /* NewIntervalVC.swift */,
			);
			name = DrivewayVCs;
			sourceTree = "<group>";
		};
		EE4E07E91ED9B03200F7D02A /* Fancy */ = {
			isa = PBXGroup;
			children = (
				EEB473601ED7258300B1020A /* FancyView.swift */,
				EEB473611ED7258300B1020A /* RoundButton.swift */,
				EEB473621ED7258300B1020A /* FancyField.swift */,
				EEB473631ED7258300B1020A /* FancySubmitButton.swift */,
			);
			name = Fancy;
			sourceTree = "<group>";
		};
		EEB4733D1ED6230500B1020A = {
			isa = PBXGroup;
			children = (
				EEB473481ED6230500B1020A /* Viale */,
				EEB473471ED6230500B1020A /* Products */,
				2D0E909A11456A7DEA71C138 /* Pods */,
				ABE2AA57EE2C143EEBFF8B99 /* Frameworks */,
			);
			sourceTree = "<group>";
		};
		EEB473471ED6230500B1020A /* Products */ = {
			isa = PBXGroup;
			children = (
				EEB473461ED6230500B1020A /* Viale.app */,
			);
			name = Products;
			sourceTree = "<group>";
		};
		EEB473481ED6230500B1020A /* Viale */ = {
			isa = PBXGroup;
			children = (
				EEB473491ED6230500B1020A /* AppDelegate.swift */,
				EEB4734D1ED6230500B1020A /* Main.storyboard */,
				EEB473781ED7AC2900B1020A /* GeoFire */,
				EEB473D31ED8617D00B1020A /* Extensions */,
				EEB4736C1ED725B700B1020A /* Services */,
				EEB4736B1ED725B200B1020A /* Util */,
				EEB4736A1ED725A500B1020A /* Controller */,
				EEB473691ED725A000B1020A /* Model */,
				EEB473681ED7258800B1020A /* View */,
				EEB473501ED6230500B1020A /* Assets.xcassets */,
				EEB473521ED6230500B1020A /* LaunchScreen.storyboard */,
				EEB473551ED6230500B1020A /* Info.plist */,
				EEB4736F1ED7977D00B1020A /* GoogleService-Info.plist */,
				EEB473751ED7A4B700B1020A /* Viale.entitlements */,
				EEB4738F1ED7AD0700B1020A /* Viale-Bridging-Header.h */,
			);
			path = Viale;
			sourceTree = "<group>";
		};
		EEB473681ED7258800B1020A /* View */ = {
			isa = PBXGroup;
			children = (
				EE4E07E91ED9B03200F7D02A /* Fancy */,
				EEB473901ED7B6BB00B1020A /* ParkingAnnotation.swift */,
				EE4E07F01ED9E4A900F7D02A /* ParkingAnnotationView.swift */,
				EE4E07EC1ED9CEE600F7D02A /* SearchAnnotation.swift */,
				EE4E07EE1ED9D17B00F7D02A /* SearchAnnotationView.swift */,
			);
			name = View;
			sourceTree = "<group>";
		};
		EEB473691ED725A000B1020A /* Model */ = {
			isa = PBXGroup;
			children = (
				EEB473D81ED8D76C00B1020A /* Parking.swift */,
				EE1FC0CC1EE0E96500FCD1F3 /* UserInterval.swift */,
				EEB473DA1ED8D82900B1020A /* UserDriver.swift */,
				EEE594071EDC761E00800B07 /* ParkingInterval.swift */,
			);
			name = Model;
			sourceTree = "<group>";
		};
		EEB4736A1ED725A500B1020A /* Controller */ = {
			isa = PBXGroup;
			children = (
				EEB473731ED7A31A00B1020A /* MainVC.swift */,
				EEB4734B1ED6230500B1020A /* SignInVC.swift */,
				EEECD5731ED92B7800D42B65 /* LeftMenuTBVC.swift */,
				EEB81F0D1EE24D89007E0034 /* SchedulesVC */,
				EE2F74611EDA76DE002389C8 /* RentVCs */,
				EE2F74621EDA76EA002389C8 /* DrivewayVCs */,
			);
			name = Controller;
			sourceTree = "<group>";
		};
		EEB4736B1ED725B200B1020A /* Util */ = {
			isa = PBXGroup;
			children = (
				EEB4736D1ED725BD00B1020A /* Constants.swift */,
			);
			name = Util;
			sourceTree = "<group>";
		};
		EEB4736C1ED725B700B1020A /* Services */ = {
			isa = PBXGroup;
			children = (
				EEB473711ED79BFC00B1020A /* DataService.swift */,
				EE4E07EA1ED9BA1100F7D02A /* GoogleMapsService.swift */,
				EEE5940D1EDCA0FA00800B07 /* RentService.swift */,
				EEE594131EDCD20300800B07 /* DatePickerService.swift */,
				EEA96D9A1EE1189900B4D83A /* DrivewayService.swift */,
			);
			name = Services;
			sourceTree = "<group>";
		};
		EEB473781ED7AC2900B1020A /* GeoFire */ = {
			isa = PBXGroup;
			children = (
				EEB473791ED7AC2900B1020A /* API */,
				EEB4737E1ED7AC2900B1020A /* GeoFire-Prefix.pch */,
				EEB4737F1ED7AC2900B1020A /* Implementation */,
			);
			path = GeoFire;
			sourceTree = "<group>";
		};
		EEB473791ED7AC2900B1020A /* API */ = {
			isa = PBXGroup;
			children = (
				EEB4737A1ED7AC2900B1020A /* GeoFire.h */,
				EEB4737B1ED7AC2900B1020A /* GFCircleQuery.h */,
				EEB4737C1ED7AC2900B1020A /* GFQuery.h */,
				EEB4737D1ED7AC2900B1020A /* GFRegionQuery.h */,
			);
			path = API;
			sourceTree = "<group>";
		};
		EEB4737F1ED7AC2900B1020A /* Implementation */ = {
			isa = PBXGroup;
			children = (
				EEB473801ED7AC2900B1020A /* GeoFire+Private.h */,
				EEB473811ED7AC2900B1020A /* GeoFire.m */,
				EEB473821ED7AC2900B1020A /* GFBase32Utils.h */,
				EEB473831ED7AC2900B1020A /* GFBase32Utils.m */,
				EEB473841ED7AC2900B1020A /* GFGeoHash.h */,
				EEB473851ED7AC2900B1020A /* GFGeoHash.m */,
				EEB473861ED7AC2900B1020A /* GFGeoHashQuery.h */,
				EEB473871ED7AC2900B1020A /* GFGeoHashQuery.m */,
				EEB473881ED7AC2900B1020A /* GFQuery+Private.h */,
				EEB473891ED7AC2900B1020A /* GFQuery.m */,
			);
			path = Implementation;
			sourceTree = "<group>";
		};
		EEB473D31ED8617D00B1020A /* Extensions */ = {
			isa = PBXGroup;
			children = (
				EEB473D41ED8619200B1020A /* UIColor+Helpe.swift */,
				EEA4230C1EDA6EF300609599 /* UIViewController+Helper.swift */,
				EEE594151EDCD6AA00800B07 /* Date+Helper.swift */,
			);
			name = Extensions;
			sourceTree = "<group>";
		};
		EEB81F0D1EE24D89007E0034 /* SchedulesVC */ = {
			isa = PBXGroup;
			children = (
				EEB81F0E1EE24DBC007E0034 /* ScheduleVC.swift */,
				EEB81F101EE24DC3007E0034 /* ScheduleCell.swift */,
			);
			name = SchedulesVC;
			sourceTree = "<group>";
		};
		EEE594061EDC5F8F00800B07 /* ManageDriveway */ = {
			isa = PBXGroup;
			children = (
				EE2F745F1EDA739D002389C8 /* ManageDrivewayVC.swift */,
				EEE594041EDC5F8B00800B07 /* IntervalCell.swift */,
			);
			name = ManageDriveway;
			sourceTree = "<group>";
		};
		EEE594121EDCC98E00800B07 /* FirstRentVCs */ = {
			isa = PBXGroup;
			children = (
				EE4E07F21ED9F8C400F7D02A /* RentVC.swift */,
				EEE5940F1EDCC97D00800B07 /* RentIntervalCell.swift */,
			);
			name = FirstRentVCs;
			sourceTree = "<group>";
		};
/* End PBXGroup section */

/* Begin PBXNativeTarget section */
		EEB473451ED6230500B1020A /* Viale */ = {
			isa = PBXNativeTarget;
			buildConfigurationList = EEB473581ED6230500B1020A /* Build configuration list for PBXNativeTarget "Viale" */;
			buildPhases = (
				DD9AC18588CD7F497B87DEE1 /* [CP] Check Pods Manifest.lock */,
				EEB473421ED6230500B1020A /* Sources */,
				EEB473431ED6230500B1020A /* Frameworks */,
				EEB473441ED6230500B1020A /* Resources */,
				668ACCE96A8217146254F30A /* [CP] Embed Pods Frameworks */,
				F8B81078E799751B6E9C3BD5 /* [CP] Copy Pods Resources */,
			);
			buildRules = (
			);
			dependencies = (
			);
			name = Viale;
			productName = Viale;
			productReference = EEB473461ED6230500B1020A /* Viale.app */;
			productType = "com.apple.product-type.application";
		};
/* End PBXNativeTarget section */

/* Begin PBXProject section */
		EEB4733E1ED6230500B1020A /* Project object */ = {
			isa = PBXProject;
			attributes = {
				LastSwiftUpdateCheck = 0830;
				LastUpgradeCheck = 0830;
				ORGANIZATIONNAME = "Kai Nakamura";
				TargetAttributes = {
					EEB473451ED6230500B1020A = {
						CreatedOnToolsVersion = 8.3.1;
						DevelopmentTeam = 23W29C93WU;
						ProvisioningStyle = Automatic;
						SystemCapabilities = {
							com.apple.Keychain = {
								enabled = 1;
							};
						};
					};
				};
			};
			buildConfigurationList = EEB473411ED6230500B1020A /* Build configuration list for PBXProject "Viale" */;
			compatibilityVersion = "Xcode 3.2";
			developmentRegion = English;
			hasScannedForEncodings = 0;
			knownRegions = (
				en,
				Base,
			);
			mainGroup = EEB4733D1ED6230500B1020A;
			productRefGroup = EEB473471ED6230500B1020A /* Products */;
			projectDirPath = "";
			projectRoot = "";
			targets = (
				EEB473451ED6230500B1020A /* Viale */,
			);
		};
/* End PBXProject section */

/* Begin PBXResourcesBuildPhase section */
		EEB473441ED6230500B1020A /* Resources */ = {
			isa = PBXResourcesBuildPhase;
			buildActionMask = 2147483647;
			files = (
				EEB473541ED6230500B1020A /* LaunchScreen.storyboard in Resources */,
				EEB473511ED6230500B1020A /* Assets.xcassets in Resources */,
				EEB4734F1ED6230500B1020A /* Main.storyboard in Resources */,
				EEB473701ED7977D00B1020A /* GoogleService-Info.plist in Resources */,
			);
			runOnlyForDeploymentPostprocessing = 0;
		};
/* End PBXResourcesBuildPhase section */

/* Begin PBXShellScriptBuildPhase section */
		668ACCE96A8217146254F30A /* [CP] Embed Pods Frameworks */ = {
			isa = PBXShellScriptBuildPhase;
			buildActionMask = 2147483647;
			files = (
			);
			inputPaths = (
			);
			name = "[CP] Embed Pods Frameworks";
			outputPaths = (
			);
			runOnlyForDeploymentPostprocessing = 0;
			shellPath = /bin/sh;
			shellScript = "\"${SRCROOT}/Pods/Target Support Files/Pods-Viale/Pods-Viale-frameworks.sh\"\n";
			showEnvVarsInLog = 0;
		};
		DD9AC18588CD7F497B87DEE1 /* [CP] Check Pods Manifest.lock */ = {
			isa = PBXShellScriptBuildPhase;
			buildActionMask = 2147483647;
			files = (
			);
			inputPaths = (
			);
			name = "[CP] Check Pods Manifest.lock";
			outputPaths = (
			);
			runOnlyForDeploymentPostprocessing = 0;
			shellPath = /bin/sh;
			shellScript = "diff \"${PODS_PODFILE_DIR_PATH}/Podfile.lock\" \"${PODS_ROOT}/Manifest.lock\" > /dev/null\nif [ $? != 0 ] ; then\n    # print error to STDERR\n    echo \"error: The sandbox is not in sync with the Podfile.lock. Run 'pod install' or update your CocoaPods installation.\" >&2\n    exit 1\nfi\n";
			showEnvVarsInLog = 0;
		};
		F8B81078E799751B6E9C3BD5 /* [CP] Copy Pods Resources */ = {
			isa = PBXShellScriptBuildPhase;
			buildActionMask = 2147483647;
			files = (
			);
			inputPaths = (
			);
			name = "[CP] Copy Pods Resources";
			outputPaths = (
			);
			runOnlyForDeploymentPostprocessing = 0;
			shellPath = /bin/sh;
			shellScript = "\"${SRCROOT}/Pods/Target Support Files/Pods-Viale/Pods-Viale-resources.sh\"\n";
			showEnvVarsInLog = 0;
		};
/* End PBXShellScriptBuildPhase section */

/* Begin PBXSourcesBuildPhase section */
		EEB473421ED6230500B1020A /* Sources */ = {
			isa = PBXSourcesBuildPhase;
			buildActionMask = 2147483647;
			files = (
				EEE5940C1EDC9E6000800B07 /* ReminderVC.swift in Sources */,
				EEE594051EDC5F8B00800B07 /* IntervalCell.swift in Sources */,
				EEB473651ED7258300B1020A /* RoundButton.swift in Sources */,
				EE4E07F11ED9E4A900F7D02A /* ParkingAnnotationView.swift in Sources */,
				EE4E07EB1ED9BA1100F7D02A /* GoogleMapsService.swift in Sources */,
				EEE594161EDCD6AA00800B07 /* Date+Helper.swift in Sources */,
				EEB4734C1ED6230500B1020A /* SignInVC.swift in Sources */,
				EEB473661ED7258300B1020A /* FancyField.swift in Sources */,
				EEA96D9B1EE1189900B4D83A /* DrivewayService.swift in Sources */,
				EEB4738D1ED7AC2900B1020A /* GFGeoHashQuery.m in Sources */,
				EE1FC0CD1EE0E96500FCD1F3 /* UserInterval.swift in Sources */,
				EE4E07EF1ED9D17B00F7D02A /* SearchAnnotationView.swift in Sources */,
				EEE594101EDCC97D00800B07 /* RentIntervalCell.swift in Sources */,
				EEA4230B1EDA640700609599 /* CreateDrivewayVC.swift in Sources */,
				EE8A9C981EDB262800DC6E8B /* NewIntervalVC.swift in Sources */,
				EEB473D51ED8619200B1020A /* UIColor+Helpe.swift in Sources */,
				EEB4738B1ED7AC2900B1020A /* GFBase32Utils.m in Sources */,
				EEE5940A1EDC9DF300800B07 /* TimeRentVC.swift in Sources */,
				EEB473D91ED8D76C00B1020A /* Parking.swift in Sources */,
				EEECD5741ED92B7800D42B65 /* LeftMenuTBVC.swift in Sources */,
				EEB473671ED7258300B1020A /* FancySubmitButton.swift in Sources */,
				EEA4230D1EDA6EF300609599 /* UIViewController+Helper.swift in Sources */,
				EEE594081EDC761E00800B07 /* ParkingInterval.swift in Sources */,
				EE2F74601EDA739D002389C8 /* ManageDrivewayVC.swift in Sources */,
				EEB81F111EE24DC3007E0034 /* ScheduleCell.swift in Sources */,
				EEB473741ED7A31A00B1020A /* MainVC.swift in Sources */,
				EEB473911ED7B6BB00B1020A /* ParkingAnnotation.swift in Sources */,
				EE4E07ED1ED9CEE600F7D02A /* SearchAnnotation.swift in Sources */,
				EEB4736E1ED725BD00B1020A /* Constants.swift in Sources */,
				EEB4734A1ED6230500B1020A /* AppDelegate.swift in Sources */,
				EEB81F0F1EE24DBC007E0034 /* ScheduleVC.swift in Sources */,
				EE4E07F31ED9F8C400F7D02A /* RentVC.swift in Sources */,
				EEE594141EDCD20300800B07 /* DatePickerService.swift in Sources */,
				EEE5940E1EDCA0FA00800B07 /* RentService.swift in Sources */,
				EEB473DB1ED8D82900B1020A /* UserDriver.swift in Sources */,
				EEB473641ED7258300B1020A /* FancyView.swift in Sources */,
				EEB473721ED79BFC00B1020A /* DataService.swift in Sources */,
				EEB4738C1ED7AC2900B1020A /* GFGeoHash.m in Sources */,
				EEB4738A1ED7AC2900B1020A /* GeoFire.m in Sources */,
				EEB4738E1ED7AC2900B1020A /* GFQuery.m in Sources */,
				EE1FC0D01EE0F42900FCD1F3 /* CustomersVC.swift in Sources */,
				EEA423091EDA1A1A00609599 /* PayRentVC.swift in Sources */,
				EE1FC0D21EE0F43300FCD1F3 /* CustomerCell.swift in Sources */,
			);
			runOnlyForDeploymentPostprocessing = 0;
		};
/* End PBXSourcesBuildPhase section */

/* Begin PBXVariantGroup section */
		EEB4734D1ED6230500B1020A /* Main.storyboard */ = {
			isa = PBXVariantGroup;
			children = (
				EEB4734E1ED6230500B1020A /* Base */,
			);
			name = Main.storyboard;
			sourceTree = "<group>";
		};
		EEB473521ED6230500B1020A /* LaunchScreen.storyboard */ = {
			isa = PBXVariantGroup;
			children = (
				EEB473531ED6230500B1020A /* Base */,
			);
			name = LaunchScreen.storyboard;
			sourceTree = "<group>";
		};
/* End PBXVariantGroup section */

/* Begin XCBuildConfiguration section */
		EEB473561ED6230500B1020A /* Debug */ = {
			isa = XCBuildConfiguration;
			buildSettings = {
				ALWAYS_SEARCH_USER_PATHS = NO;
				CLANG_ANALYZER_NONNULL = YES;
				CLANG_ANALYZER_NUMBER_OBJECT_CONVERSION = YES_AGGRESSIVE;
				CLANG_CXX_LANGUAGE_STANDARD = "gnu++0x";
				CLANG_CXX_LIBRARY = "libc++";
				CLANG_ENABLE_MODULES = YES;
				CLANG_ENABLE_OBJC_ARC = YES;
				CLANG_WARN_BOOL_CONVERSION = YES;
				CLANG_WARN_CONSTANT_CONVERSION = YES;
				CLANG_WARN_DIRECT_OBJC_ISA_USAGE = YES_ERROR;
				CLANG_WARN_DOCUMENTATION_COMMENTS = YES;
				CLANG_WARN_EMPTY_BODY = YES;
				CLANG_WARN_ENUM_CONVERSION = YES;
				CLANG_WARN_INFINITE_RECURSION = YES;
				CLANG_WARN_INT_CONVERSION = YES;
				CLANG_WARN_OBJC_ROOT_CLASS = YES_ERROR;
				CLANG_WARN_SUSPICIOUS_MOVE = YES;
				CLANG_WARN_UNREACHABLE_CODE = YES;
				CLANG_WARN__DUPLICATE_METHOD_MATCH = YES;
				"CODE_SIGN_IDENTITY[sdk=iphoneos*]" = "iPhone Developer";
				COPY_PHASE_STRIP = NO;
				DEBUG_INFORMATION_FORMAT = dwarf;
				ENABLE_STRICT_OBJC_MSGSEND = YES;
				ENABLE_TESTABILITY = YES;
				GCC_C_LANGUAGE_STANDARD = gnu99;
				GCC_DYNAMIC_NO_PIC = NO;
				GCC_NO_COMMON_BLOCKS = YES;
				GCC_OPTIMIZATION_LEVEL = 0;
				GCC_PREPROCESSOR_DEFINITIONS = (
					"DEBUG=1",
					"$(inherited)",
				);
				GCC_WARN_64_TO_32_BIT_CONVERSION = YES;
				GCC_WARN_ABOUT_RETURN_TYPE = YES_ERROR;
				GCC_WARN_UNDECLARED_SELECTOR = YES;
				GCC_WARN_UNINITIALIZED_AUTOS = YES_AGGRESSIVE;
				GCC_WARN_UNUSED_FUNCTION = YES;
				GCC_WARN_UNUSED_VARIABLE = YES;
				IPHONEOS_DEPLOYMENT_TARGET = 10.3;
				MTL_ENABLE_DEBUG_INFO = YES;
				ONLY_ACTIVE_ARCH = YES;
				SDKROOT = iphoneos;
				SWIFT_ACTIVE_COMPILATION_CONDITIONS = DEBUG;
				SWIFT_OPTIMIZATION_LEVEL = "-Onone";
			};
			name = Debug;
		};
		EEB473571ED6230500B1020A /* Release */ = {
			isa = XCBuildConfiguration;
			buildSettings = {
				ALWAYS_SEARCH_USER_PATHS = NO;
				CLANG_ANALYZER_NONNULL = YES;
				CLANG_ANALYZER_NUMBER_OBJECT_CONVERSION = YES_AGGRESSIVE;
				CLANG_CXX_LANGUAGE_STANDARD = "gnu++0x";
				CLANG_CXX_LIBRARY = "libc++";
				CLANG_ENABLE_MODULES = YES;
				CLANG_ENABLE_OBJC_ARC = YES;
				CLANG_WARN_BOOL_CONVERSION = YES;
				CLANG_WARN_CONSTANT_CONVERSION = YES;
				CLANG_WARN_DIRECT_OBJC_ISA_USAGE = YES_ERROR;
				CLANG_WARN_DOCUMENTATION_COMMENTS = YES;
				CLANG_WARN_EMPTY_BODY = YES;
				CLANG_WARN_ENUM_CONVERSION = YES;
				CLANG_WARN_INFINITE_RECURSION = YES;
				CLANG_WARN_INT_CONVERSION = YES;
				CLANG_WARN_OBJC_ROOT_CLASS = YES_ERROR;
				CLANG_WARN_SUSPICIOUS_MOVE = YES;
				CLANG_WARN_UNREACHABLE_CODE = YES;
				CLANG_WARN__DUPLICATE_METHOD_MATCH = YES;
				"CODE_SIGN_IDENTITY[sdk=iphoneos*]" = "iPhone Developer";
				COPY_PHASE_STRIP = NO;
				DEBUG_INFORMATION_FORMAT = "dwarf-with-dsym";
				ENABLE_NS_ASSERTIONS = NO;
				ENABLE_STRICT_OBJC_MSGSEND = YES;
				GCC_C_LANGUAGE_STANDARD = gnu99;
				GCC_NO_COMMON_BLOCKS = YES;
				GCC_WARN_64_TO_32_BIT_CONVERSION = YES;
				GCC_WARN_ABOUT_RETURN_TYPE = YES_ERROR;
				GCC_WARN_UNDECLARED_SELECTOR = YES;
				GCC_WARN_UNINITIALIZED_AUTOS = YES_AGGRESSIVE;
				GCC_WARN_UNUSED_FUNCTION = YES;
				GCC_WARN_UNUSED_VARIABLE = YES;
				IPHONEOS_DEPLOYMENT_TARGET = 10.3;
				MTL_ENABLE_DEBUG_INFO = NO;
				SDKROOT = iphoneos;
				SWIFT_OPTIMIZATION_LEVEL = "-Owholemodule";
				VALIDATE_PRODUCT = YES;
			};
			name = Release;
		};
		EEB473591ED6230500B1020A /* Debug */ = {
			isa = XCBuildConfiguration;
			baseConfigurationReference = 9D462145FDFE613D75D58BFC /* Pods-Viale.debug.xcconfig */;
			buildSettings = {
				ASSETCATALOG_COMPILER_APPICON_NAME = AppIcon;
				CODE_SIGN_ENTITLEMENTS = Viale/Viale.entitlements;
				DEVELOPMENT_TEAM = 23W29C93WU;
				INFOPLIST_FILE = Viale/Info.plist;
				LD_RUNPATH_SEARCH_PATHS = "$(inherited) @executable_path/Frameworks";
				PRODUCT_BUNDLE_IDENTIFIER = "com.Kai-Nakamura.Viale";
				PRODUCT_NAME = "$(TARGET_NAME)";
				SWIFT_OBJC_BRIDGING_HEADER = "Viale/Viale-Bridging-Header.h";
				SWIFT_VERSION = 3.0;
			};
			name = Debug;
		};
		EEB4735A1ED6230500B1020A /* Release */ = {
			isa = XCBuildConfiguration;
			baseConfigurationReference = 402312B47F9EDBA449D530C0 /* Pods-Viale.release.xcconfig */;
			buildSettings = {
				ASSETCATALOG_COMPILER_APPICON_NAME = AppIcon;
				CODE_SIGN_ENTITLEMENTS = Viale/Viale.entitlements;
				DEVELOPMENT_TEAM = 23W29C93WU;
				INFOPLIST_FILE = Viale/Info.plist;
				LD_RUNPATH_SEARCH_PATHS = "$(inherited) @executable_path/Frameworks";
				PRODUCT_BUNDLE_IDENTIFIER = "com.Kai-Nakamura.Viale";
				PRODUCT_NAME = "$(TARGET_NAME)";
				SWIFT_OBJC_BRIDGING_HEADER = "Viale/Viale-Bridging-Header.h";
				SWIFT_VERSION = 3.0;
			};
			name = Release;
		};
/* End XCBuildConfiguration section */

/* Begin XCConfigurationList section */
		EEB473411ED6230500B1020A /* Build configuration list for PBXProject "Viale" */ = {
			isa = XCConfigurationList;
			buildConfigurations = (
				EEB473561ED6230500B1020A /* Debug */,
				EEB473571ED6230500B1020A /* Release */,
			);
			defaultConfigurationIsVisible = 0;
			defaultConfigurationName = Release;
		};
		EEB473581ED6230500B1020A /* Build configuration list for PBXNativeTarget "Viale" */ = {
			isa = XCConfigurationList;
			buildConfigurations = (
				EEB473591ED6230500B1020A /* Debug */,
				EEB4735A1ED6230500B1020A /* Release */,
			);
			defaultConfigurationIsVisible = 0;
			defaultConfigurationName = Release;
		};
/* End XCConfigurationList section */
	};
	rootObject = EEB4733E1ED6230500B1020A /* Project object */;
}
